# @generated - this file is auto-generated by `mise lock` https://mise.en.dev/dev-tools/mise-lock.html

[[tools."aqua:tinygo-org/tinygo"]]
version = "0.40.1"
backend = "aqua:tinygo-org/tinygo"

[tools."aqua:tinygo-org/tinygo"."platforms.linux-arm64"]
checksum = "sha256:4720693b333826569d5c1ed746a735c4d1983719c95af5bdd4d9dfeaa755e933"
url = "https://github.com/tinygo-org/tinygo/releases/download/v0.40.1/tinygo0.40.1.linux-arm64.tar.gz"

[tools."aqua:tinygo-org/tinygo"."platforms.linux-arm64-musl"]
checksum = "sha256:4720693b333826569d5c1ed746a735c4d1983719c95af5bdd4d9dfeaa755e933"
url = "https://github.com/tinygo-org/tinygo/releases/download/v0.40.1/tinygo0.40.1.linux-arm64.tar.gz"

[tools."aqua:tinygo-org/tinygo"."platforms.linux-x64"]
checksum = "sha256:064fc0c07f4d71f7369b168c337caa88ef32a6b00b16449cea44790ccadfc2b4"
url = "https://github.com/tinygo-org/tinygo/releases/download/v0.40.1/tinygo0.40.1.linux-amd64.tar.gz"

[tools."aqua:tinygo-org/tinygo"."platforms.linux-x64-musl"]
checksum = "sha256:064fc0c07f4d71f7369b168c337caa88ef32a6b00b16449cea44790ccadfc2b4"
url = "https://github.com/tinygo-org/tinygo/releases/download/v0.40.1/tinygo0.40.1.linux-amd64.tar.gz"

[tools."aqua:tinygo-org/tinygo"."platforms.macos-arm64"]
checksum = "sha256:a20841a616de3b3403e52e3789cb60c147ab52b3fe6c33b31fdffba0164ae031"
url = "https://github.com/tinygo-org/tinygo/releases/download/v0.40.1/tinygo0.40.1.darwin-arm64.tar.gz"

[tools."aqua:tinygo-org/tinygo"."platforms.macos-x64"]
checksum = "sha256:36c9423a63f9548d142908b06c67e198d878a0fed076b8ec5dbf8a3350a73eb4"
url = "https://github.com/tinygo-org/tinygo/releases/download/v0.40.1/tinygo0.40.1.darwin-amd64.tar.gz"

[tools."aqua:tinygo-org/tinygo"."platforms.windows-x64"]
checksum = "sha256:7f839546df47e52a8ec9031437ae374a1facceb9adb15b94d514624fed9391b4"
url = "https://github.com/tinygo-org/tinygo/releases/download/v0.40.1/tinygo0.40.1.windows-amd64.zip"

[[tools.go]]
version = "1.26.0"
backend = "core:go"

[tools.go."platforms.linux-arm64"]
checksum = "sha256:bd03b743eb6eb4193ea3c3fd3956546bf0e3ca5b7076c8226334afe6b75704cd"
url = "https://dl.google.com/go/go1.26.0.linux-arm64.tar.gz"

[tools.go."platforms.linux-arm64-musl"]
checksum = "sha256:bd03b743eb6eb4193ea3c3fd3956546bf0e3ca5b7076c8226334afe6b75704cd"
url = "https://dl.google.com/go/go1.26.0.linux-arm64.tar.gz"

[tools.go."platforms.linux-x64"]
checksum = "sha256:aac1b08a0fb0c4e0a7c1555beb7b59180b05dfc5a3d62e40e9de90cd42f88235"
url = "https://dl.google.com/go/go1.26.0.linux-amd64.tar.gz"

[tools.go."platforms.linux-x64-musl"]
checksum = "sha256:aac1b08a0fb0c4e0a7c1555beb7b59180b05dfc5a3d62e40e9de90cd42f88235"
url = "https://dl.google.com/go/go1.26.0.linux-amd64.tar.gz"

[tools.go."platforms.macos-arm64"]
checksum = "sha256:b1640525dfe68f066d56f200bef7bf4dce955a1a893bd061de6754c211431023"
url = "https://dl.google.com/go/go1.26.0.darwin-arm64.tar.gz"

[tools.go."platforms.macos-x64"]
checksum = "sha256:1ca28b7703cbea05a65b2a1d92d6b308610ef92f8824578a0874f2e60c9d5a22"
url = "https://dl.google.com/go/go1.26.0.darwin-amd64.tar.gz"

[tools.go."platforms.windows-x64"]
checksum = "sha256:9bbe0fc64236b2b51f6255c05c4232532b8ecc0e6d2e00950bd3021d8a4d07d4"
url = "https://dl.google.com/go/go1.26.0.windows-amd64.zip"

[[tools."go:github.com/atombender/go-jsonschema"]]
version = "0.22.0"
backend = "go:github.com/atombender/go-jsonschema"

[[tools."go:github.com/go-task/task/v3/cmd/task"]]
version = "3.51.1"
backend = "go:github.com/go-task/task/v3/cmd/task"

[[tools."go:github.com/wailsapp/wails/v3/cmd/wails3"]]
version = "v3.0.0-alpha.92"
backend = "go:github.com/wailsapp/wails/v3/cmd/wails3"

[[tools.jj]]
version = "0.40.0"
backend = "aqua:jj-vcs/jj"

[tools.jj."platforms.linux-arm64"]
checksum = "sha256:b26f24ff7a34838fbafe8788e6a94a9cdcf51601ef8c9af8fab4fa22c06ddbee"
url = "https://github.com/jj-vcs/jj/releases/download/v0.40.0/jj-v0.40.0-aarch64-unknown-linux-musl.tar.gz"

[tools.jj."platforms.linux-arm64-musl"]
checksum = "sha256:b26f24ff7a34838fbafe8788e6a94a9cdcf51601ef8c9af8fab4fa22c06ddbee"
url = "https://github.com/jj-vcs/jj/releases/download/v0.40.0/jj-v0.40.0-aarch64-unknown-linux-musl.tar.gz"

[tools.jj."platforms.linux-x64"]
checksum = "sha256:5c8979f46873e052f59bdd9535636dca6e6f9f70571b73f6d63c3b92acfaa037"
url = "https://github.com/jj-vcs/jj/releases/download/v0.40.0/jj-v0.40.0-x86_64-unknown-linux-musl.tar.gz"

[tools.jj."platforms.linux-x64-musl"]
checksum = "sha256:5c8979f46873e052f59bdd9535636dca6e6f9f70571b73f6d63c3b92acfaa037"
url = "https://github.com/jj-vcs/jj/releases/download/v0.40.0/jj-v0.40.0-x86_64-unknown-linux-musl.tar.gz"

[tools.jj."platforms.macos-arm64"]
checksum = "sha256:8a1d713103bb968c771617c9b2c48b0b5982193090ee74dec935bff710af2082"
url = "https://github.com/jj-vcs/jj/releases/download/v0.40.0/jj-v0.40.0-aarch64-apple-darwin.tar.gz"

[tools.jj."platforms.macos-x64"]
checksum = "sha256:ce62cf26e3c6c72a295f5917056e33cfa972874f882a2d15b5a3687b3ddce1e5"
url = "https://github.com/jj-vcs/jj/releases/download/v0.40.0/jj-v0.40.0-x86_64-apple-darwin.tar.gz"

[tools.jj."platforms.windows-x64"]
checksum = "sha256:63922bd257f9616553dec0869e2de99c1c0bf8d951c774d230af09eaeb2f5951"
url = "https://github.com/jj-vcs/jj/releases/download/v0.40.0/jj-v0.40.0-x86_64-pc-windows-msvc.zip"

[[tools.node]]
version = "25.8.1"
backend = "core:node"

[tools.node."platforms.linux-arm64"]
checksum = "sha256:d990ec3c21ce8bdb6f76ed4e1c875d6e3e4b75a02d018e85df0662c0bad83b53"
url = "https://nodejs.org/dist/v25.8.1/node-v25.8.1-linux-arm64.tar.gz"

[tools.node."platforms.linux-arm64-musl"]
checksum = "sha256:e1ac6fb7c9007d4c37d057547277643bb53d1b738e5c8ab18abfaad3aaba99e8"
url = "https://unofficial-builds.nodejs.org/download/release/v25.8.1/node-v25.8.1-linux-arm64-musl.tar.gz"

[tools.node."platforms.linux-x64"]
checksum = "sha256:6fe3b8fa448579f728f7a0e5bbb3ab6a352d2c6307e13ae37a86106a3e4c9aaf"
url = "https://nodejs.org/dist/v25.8.1/node-v25.8.1-linux-x64.tar.gz"

[tools.node."platforms.linux-x64-musl"]
checksum = "sha256:24c5ebd544c991f9d9f16678824917a29ae892773622efa28607489362fc6db9"
url = "https://unofficial-builds.nodejs.org/download/release/v25.8.1/node-v25.8.1-linux-x64-musl.tar.gz"

[tools.node."platforms.macos-arm64"]
checksum = "sha256:c667629236e3213616f0917b84eb52706e213c0e8a2312402335fff6fc7463c4"
url = "https://nodejs.org/dist/v25.8.1/node-v25.8.1-darwin-arm64.tar.gz"

[tools.node."platforms.macos-x64"]
checksum = "sha256:1e5ebf69955e01216f5c60b9c989d1bdda8e5022e2f60c75e1baf309c5bff50e"
url = "https://nodejs.org/dist/v25.8.1/node-v25.8.1-darwin-x64.tar.gz"

[tools.node."platforms.windows-x64"]
checksum = "sha256:09a5a0dbb2f4cefa800880012810e2dfaac0016a62e75f064c4ab7f3606b2d78"
url = "https://nodejs.org/dist/v25.8.1/node-v25.8.1-win-x64.zip"

[[tools.pnpm]]
version = "10.33.0"
backend = "aqua:pnpm/pnpm"

[tools.pnpm."platforms.linux-arm64"]
checksum = "sha256:06755ad2817548b84317d857d5c8003dc6e9e28416a3ea7467256c49ab400d48"
url = "https://github.com/pnpm/pnpm/releases/download/v10.33.0/pnpm-linux-arm64"

[tools.pnpm."platforms.linux-arm64-musl"]
checksum = "sha256:06755ad2817548b84317d857d5c8003dc6e9e28416a3ea7467256c49ab400d48"
url = "https://github.com/pnpm/pnpm/releases/download/v10.33.0/pnpm-linux-arm64"

[tools.pnpm."platforms.linux-x64"]
checksum = "sha256:8d4e8f7d778e8ac482022e2577011706a872542f6f6f233e795a4d9f978ea8b5"
url = "https://github.com/pnpm/pnpm/releases/download/v10.33.0/pnpm-linux-x64"

[tools.pnpm."platforms.linux-x64-musl"]
checksum = "sha256:8d4e8f7d778e8ac482022e2577011706a872542f6f6f233e795a4d9f978ea8b5"
url = "https://github.com/pnpm/pnpm/releases/download/v10.33.0/pnpm-linux-x64"

[tools.pnpm."platforms.macos-arm64"]
checksum = "sha256:ed8a1f140f4de457b01ebe0be3ae28e9a7e28863315dcd53d22ff1e5a32d63ae"
url = "https://github.com/pnpm/pnpm/releases/download/v10.33.0/pnpm-macos-arm64"

[tools.pnpm."platforms.macos-x64"]
checksum = "sha256:c31e29554b0e3f4e03f4617195c949595e4dca36085922003de4896c3ca4057d"
url = "https://github.com/pnpm/pnpm/releases/download/v10.33.0/pnpm-macos-x64"

[tools.pnpm."platforms.windows-x64"]
checksum = "sha256:afc96009dc39fe23a835d65192049e6a995f342496b175585dc2beda7d42d33f"
url = "https://github.com/pnpm/pnpm/releases/download/v10.33.0/pnpm-win-x64.exe"
